
Microsoft Visual Studio Solution File, Format Version 12.00
# Visual Studio Version 17
VisualStudioVersion = 17.0.31903.59
MinimumVisualStudioVersion = 10.0.40219.1
Project("{FAE04EC0-301F-11D3-BF4B-00C04F79EFBC}") = "Linq", "Linq\Linq.csproj", "{00951A0B-8EB5-425C-8667-7D690366CDF2}"
EndProject
Project("{FAE04EC0-301F-11D3-BF4B-00C04F79EFBC}") = "JsonSerialization", "JsonSerialization\JsonSerialization.csproj", "{6B33C69D-5ADB-48BC-8025-EFA60DB4BBB3}"
EndProject
Project("{FAE04EC0-301F-11D3-BF4B-00C04F79EFBC}") = "Civilization", "Civilization\Civilization.csproj", "{41E7814B-9FF0-4C26-9205-910168D4A043}"
EndProject
Project("{FAE04EC0-301F-11D3-BF4B-00C04F79EFBC}") = "UniversalCard", "UniversalCard\UniversalCard.csproj", "{494F76F3-9D1B-4366-8E8B-85A8EEF0D6C6}"
EndProject
Global
	GlobalSection(SolutionConfigurationPlatforms) = preSolution
		Debug|Any CPU = Debug|Any CPU
		Release|Any CPU = Release|Any CPU
	EndGlobalSection
	GlobalSection(ProjectConfigurationPlatforms) = postSolution
		{00951A0B-8EB5-425C-8667-7D690366CDF2}.Debug|Any CPU.ActiveCfg = Debug|Any CPU
		{00951A0B-8EB5-425C-8667-7D690366CDF2}.Debug|Any CPU.Build.0 = Debug|Any CPU
		{00951A0B-8EB5-425C-8667-7D690366CDF2}.Release|Any CPU.ActiveCfg = Release|Any CPU
		{00951A0B-8EB5-425C-8667-7D690366CDF2}.Release|Any CPU.Build.0 = Release|Any CPU
		{6B33C69D-5ADB-48BC-8025-EFA60DB4BBB3}.Debug|Any CPU.ActiveCfg = Debug|Any CPU
		{6B33C69D-5ADB-48BC-8025-EFA60DB4BBB3}.Debug|Any CPU.Build.0 = Debug|Any CPU
		{6B33C69D-5ADB-48BC-8025-EFA60DB4BBB3}.Release|Any CPU.ActiveCfg = Release|Any CPU
		{6B33C69D-5ADB-48BC-8025-EFA60DB4BBB3}.Release|Any CPU.Build.0 = Release|Any CPU
		{41E7814B-9FF0-4C26-9205-910168D4A043}.Debug|Any CPU.ActiveCfg = Debug|Any CPU
		{41E7814B-9FF0-4C26-9205-910168D4A043}.Debug|Any CPU.Build.0 = Debug|Any CPU
		{41E7814B-9FF0-4C26-9205-910168D4A043}.Release|Any CPU.ActiveCfg = Release|Any CPU
		{41E7814B-9FF0-4C26-9205-910168D4A043}.Release|Any CPU.Build.0 = Release|Any CPU
		{494F76F3-9D1B-4366-8E8B-85A8EEF0D6C6}.Debug|Any CPU.ActiveCfg = Debug|Any CPU
		{494F76F3-9D1B-4366-8E8B-85A8EEF0D6C6}.Debug|Any CPU.Build.0 = Debug|Any CPU
		{494F76F3-9D1B-4366-8E8B-85A8EEF0D6C6}.Release|Any CPU.ActiveCfg = Release|Any CPU
		{494F76F3-9D1B-4366-8E8B-85A8EEF0D6C6}.Release|Any CPU.Build.0 = Release|Any CPU
	EndGlobalSection
	GlobalSection(SolutionProperties) = preSolution
		HideSolutionNode = FALSE
	EndGlobalSection
EndGlobal
